
Microsoft Visual Studio Solution File, Format Version 12.00
# Visual Studio 15
VisualStudioVersion = 15.0.28307.168
MinimumVisualStudioVersion = 10.0.40219.1
Project("{FAE04EC0-301F-11D3-BF4B-00C04F79EFBC}") = "ER-Valverde", "ER-Valverde\ER-Valverde.csproj", "{3717BD49-6738-4EBB-B37F-37C5DE02DD50}"
EndProject
Global
	GlobalSection(SolutionConfigurationPlatforms) = preSolution
		Debug|Any CPU = Debug|Any CPU
		Release|Any CPU = Release|Any CPU
	EndGlobalSection
	GlobalSection(ProjectConfigurationPlatforms) = postSolution
		{3717BD49-6738-4EBB-B37F-37C5DE02DD50}.Debug|Any CPU.ActiveCfg = Debug|Any CPU
		{3717BD49-6738-4EBB-B37F-37C5DE02DD50}.Debug|Any CPU.Build.0 = Debug|Any CPU
		{3717BD49-6738-4EBB-B37F-37C5DE02DD50}.Release|Any CPU.ActiveCfg = Release|Any CPU
		{3717BD49-6738-4EBB-B37F-37C5DE02DD50}.Release|Any CPU.Build.0 = Release|Any CPU
	EndGlobalSection
	GlobalSection(SolutionProperties) = preSolution
		HideSolutionNode = FALSE
	EndGlobalSection
	GlobalSection(ExtensibilityGlobals) = postSolution
		SolutionGuid = {95F40FD1-75C2-40C3-B591-77E633C0F359}
	EndGlobalSection
EndGlobal
